
Microsoft Visual Studio Solution File, Format Version 12.00
Project("{FAE04EC0-301F-11D3-BF4B-00C04F79EFBC}") = "PartitionLeader", "PartitionLeader\PartitionLeader.csproj", "{04E1BDB4-49A1-4379-930E-71C80A95BA4A}"
EndProject
Project("{FAE04EC0-301F-11D3-BF4B-00C04F79EFBC}") = "Server1", "Server1\Server1.csproj", "{C7166D65-B011-40F2-8AB8-E85773A4A2E4}"
EndProject
Project("{FAE04EC0-301F-11D3-BF4B-00C04F79EFBC}") = "Server2", "Server2\Server2.csproj", "{BE8FC332-69E9-4761-B8FE-5196D2C20024}"
EndProject
Global
	GlobalSection(SolutionConfigurationPlatforms) = preSolution
		Debug|Any CPU = Debug|Any CPU
		Release|Any CPU = Release|Any CPU
	EndGlobalSection
	GlobalSection(ProjectConfigurationPlatforms) = postSolution
		{04E1BDB4-49A1-4379-930E-71C80A95BA4A}.Debug|Any CPU.ActiveCfg = Debug|Any CPU
		{04E1BDB4-49A1-4379-930E-71C80A95BA4A}.Debug|Any CPU.Build.0 = Debug|Any CPU
		{04E1BDB4-49A1-4379-930E-71C80A95BA4A}.Release|Any CPU.ActiveCfg = Release|Any CPU
		{04E1BDB4-49A1-4379-930E-71C80A95BA4A}.Release|Any CPU.Build.0 = Release|Any CPU
		{C7166D65-B011-40F2-8AB8-E85773A4A2E4}.Debug|Any CPU.ActiveCfg = Debug|Any CPU
		{C7166D65-B011-40F2-8AB8-E85773A4A2E4}.Debug|Any CPU.Build.0 = Debug|Any CPU
		{C7166D65-B011-40F2-8AB8-E85773A4A2E4}.Release|Any CPU.ActiveCfg = Release|Any CPU
		{C7166D65-B011-40F2-8AB8-E85773A4A2E4}.Release|Any CPU.Build.0 = Release|Any CPU
		{BE8FC332-69E9-4761-B8FE-5196D2C20024}.Debug|Any CPU.ActiveCfg = Debug|Any CPU
		{BE8FC332-69E9-4761-B8FE-5196D2C20024}.Debug|Any CPU.Build.0 = Debug|Any CPU
		{BE8FC332-69E9-4761-B8FE-5196D2C20024}.Release|Any CPU.ActiveCfg = Release|Any CPU
		{BE8FC332-69E9-4761-B8FE-5196D2C20024}.Release|Any CPU.Build.0 = Release|Any CPU
	EndGlobalSection
EndGlobal
